PODS:
  - fl_location (0.0.1):
    - Flutter
  - Flutter (1.0.0)
  - flutter_activity_recognition (0.0.1):
    - Flutter
  - flutter_image_compress_common (1.0.0):
    - Flutter
    - Mantle
    - SDWebImage
    - SDWebImageWebPCoder
  - flutter_secure_storage (6.0.0):
    - Flutter
  - geofence_service (0.0.1):
    - Flutter
  - libwebp (1.5.0):
    - libwebp/demux (= 1.5.0)
    - libwebp/mux (= 1.5.0)
    - libwebp/sharpyuv (= 1.5.0)
    - libwebp/webp (= 1.5.0)
  - libwebp/demux (1.5.0):
    - libwebp/webp
  - libwebp/mux (1.5.0):
    - libwebp/demux
  - libwebp/sharpyuv (1.5.0)
  - libwebp/webp (1.5.0):
    - libwebp/sharpyuv
  - Mantle (2.2.0):
    - Mantle/extobjc (= 2.2.0)
  - Mantle/extobjc (2.2.0)
  - onnxruntime (0.0.1):
    - Flutter
    - onnxruntime-objc (= 1.15.1)
  - onnxruntime-c (1.15.1)
  - onnxruntime-objc (1.15.1):
    - onnxruntime-objc/Core (= 1.15.1)
  - onnxruntime-objc/Core (1.15.1):
    - onnxruntime-c (= 1.15.1)
  - permission_handler_apple (9.3.0):
    - Flutter
  - record_darwin (1.0.0):
    - Flutter
  - SDWebImage (5.21.7):
    - SDWebImage/Core (= 5.21.7)
  - SDWebImage/Core (5.21.7)
  - SDWebImageWebPCoder (0.15.0):
    - libwebp (~> 1.0)
    - SDWebImage/Core (~> 5.17)
  - sensors_plus (0.0.1):
    - Flutter
  - share_plus (0.0.1):
    - Flutter
  - TensorFlowLiteC (2.12.0):
    - TensorFlowLiteC/Core (= 2.12.0)
  - TensorFlowLiteC/Core (2.12.0)
  - TensorFlowLiteC/CoreML (2.12.0):
    - TensorFlowLiteC/Core
  - TensorFlowLiteC/Metal (2.12.0):
    - TensorFlowLiteC/Core
  - TensorFlowLiteSwift (2.12.0):
    - TensorFlowLiteSwift/Core (= 2.12.0)
  - TensorFlowLiteSwift/Core (2.12.0):
    - TensorFlowLiteC (= 2.12.0)
  - TensorFlowLiteSwift/CoreML (2.12.0):
    - TensorFlowLiteC/CoreML (= 2.12.0)
    - TensorFlowLiteSwift/Core (= 2.12.0)
  - TensorFlowLiteSwift/Metal (2.12.0):
    - TensorFlowLiteC/Metal (= 2.12.0)
    - TensorFlowLiteSwift/Core (= 2.12.0)
  - tflite_flutter (0.0.1):
    - Flutter
    - TensorFlowLiteSwift (= 2.12.0)
    - TensorFlowLiteSwift/CoreML (= 2.12.0)
    - TensorFlowLiteSwift/Metal (= 2.12.0)

DEPENDENCIES:
  - fl_location (from `.symlinks/plugins/fl_location/ios`)
  - Flutter (from `Flutter`)
  - flutter_activity_recognition (from `.symlinks/plugins/flutter_activity_recognition/ios`)
  - flutter_image_compress_common (from `.symlinks/plugins/flutter_image_compress_common/ios`)
  - flutter_secure_storage (from `.symlinks/plugins/flutter_secure_storage/ios`)
  - geofence_service (from `.symlinks/plugins/geofence_service/ios`)
  - onnxruntime (from `.symlinks/plugins/onnxruntime/ios`)
  - permission_handler_apple (from `.symlinks/plugins/permission_handler_apple/ios`)
  - record_darwin (from `.symlinks/plugins/record_darwin/ios`)
  - sensors_plus (from `.symlinks/plugins/sensors_plus/ios`)
  - share_plus (from `.symlinks/plugins/share_plus/ios`)
  - tflite_flutter (from `.symlinks/plugins/tflite_flutter/ios`)

SPEC REPOS:
  trunk:
    - libwebp
    - Mantle
    - onnxruntime-c
    - onnxruntime-objc
    - SDWebImage
    - SDWebImageWebPCoder
    - TensorFlowLiteC
    - TensorFlowLiteSwift

EXTERNAL SOURCES:
  fl_location:
    :path: ".symlinks/plugins/fl_location/ios"
  Flutter:
    :path: Flutter
  flutter_activity_recognition:
    :path: ".symlinks/plugins/flutter_activity_recognition/ios"
  flutter_image_compress_common:
    :path: ".symlinks/plugins/flutter_image_compress_common/ios"
  flutter_secure_storage:
    :path: ".symlinks/plugins/flutter_secure_storage/ios"
  geofence_service:
    :path: ".symlinks/plugins/geofence_service/ios"
  onnxruntime:
    :path: ".symlinks/plugins/onnxruntime/ios"
  permission_handler_apple:
    :path: ".symlinks/plugins/permission_handler_apple/ios"
  record_darwin:
    :path: ".symlinks/plugins/record_darwin/ios"
  sensors_plus:
    :path: ".symlinks/plugins/sensors_plus/ios"
  share_plus:
    :path: ".symlinks/plugins/share_plus/ios"
  tflite_flutter:
    :path: ".symlinks/plugins/tflite_flutter/ios"

SPEC CHECKSUMS:
  fl_location: df295f3fd4f3c2357d7d8f23b01b0c23f4c84e4e
  Flutter: cabc95a1d2626b1b06e7179b784ebcf0c0cde467
  flutter_activity_recognition: 52dfad4c1e9cec99f0841b3ed0efcc9d424b3deb
  flutter_image_compress_common: 1697a328fd72bfb335507c6bca1a65fa5ad87df1
  flutter_secure_storage: 1ed9476fba7e7a782b22888f956cce43e2c62f13
  geofence_service: 55b58292760f0f491e22b6b91355aab40564cfad
  libwebp: 02b23773aedb6ff1fd38cec7a77b81414c6842a8
  Mantle: c5aa8794a29a022dfbbfc9799af95f477a69b62d
  onnxruntime: 2ab1957eb029c71d47f7bb35cc4efc9f0d297828
  onnxruntime-c: ebdcfd8650bcbd10121c125262f99dea681b92a3
  onnxruntime-objc: ae7acec7a3d03eaf072d340afed7a35635c1c2a6
  permission_handler_apple: 4ed2196e43d0651e8ff7ca3483a069d469701f2d
  record_darwin: fb1f375f1d9603714f55b8708a903bbb91ffdb0a
  SDWebImage: e9fc87c1aab89a8ab1bbd74eba378c6f53be8abf
  SDWebImageWebPCoder: 0e06e365080397465cc73a7a9b472d8a3bd0f377
  sensors_plus: 1c5f0a01ce21c609a4df404c4e6879d62bce287f
  share_plus: 011d6fb4f9d2576b83179a3a5c5e323202cdabcf
  TensorFlowLiteC: 20785a69299185a379ba9852b6625f00afd7984a
  TensorFlowLiteSwift: 3a4928286e9e35bdd3e17970f48e53c80d25e793
  tflite_flutter: 64b192e11352fe36943ab6656e1d49207f1a5595

PODFILE CHECKSUM: d71a8f9d234bf288cee64b372c30c196c8075224

COCOAPODS: 1.16.2
